<Solution>
  <Project Path="Assembly-CSharp.csproj" />
  <Project Path="AYellowpaper.SerializedCollections.csproj" />
  <Project Path="AYellowpaper.SerializedCollections.Editor.csproj" />
  <Project Path="Assembly-CSharp-Editor.csproj" />
  <Project Path="EasyShortCutLockInspector.Editor.csproj" />
</Solution>
